
Microsoft Visual Studio Solution File, Format Version 12.00
# Visual Studio Version 17
VisualStudioVersion = 17.3.32825.248
MinimumVisualStudioVersion = 10.0.40219.1
Project("{FAE04EC0-301F-11D3-BF4B-00C04F79EFBC}") = "FLDSMDFR", "FLDSMDFR\FLDSMDFR.csproj", "{0FABBC1B-24F2-4491-A22A-03FDB9D90CBA}"
EndProject
Project("{2150E333-8FDC-42A3-9474-1A3956D46DE8}") = "Solution Items", "Solution Items", "{58A8F7A6-CE90-48A3-A5BB-21F8A49A3403}"
	ProjectSection(SolutionItems) = preProject
		TextFile1.txt = TextFile1.txt
	EndProjectSection
EndProject
Project("{FAE04EC0-301F-11D3-BF4B-00C04F79EFBC}") = "FLDSMDFR.Core", "FLDSMDFR.Core\FLDSMDFR.Core.csproj", "{4E593463-5D0C-4337-BA67-1E10C78A9843}"
EndProject
Global
	GlobalSection(SolutionConfigurationPlatforms) = preSolution
		Debug|Any CPU = Debug|Any CPU
		Release|Any CPU = Release|Any CPU
	EndGlobalSection
	GlobalSection(ProjectConfigurationPlatforms) = postSolution
		{0FABBC1B-24F2-4491-A22A-03FDB9D90CBA}.Debug|Any CPU.ActiveCfg = Debug|Any CPU
		{0FABBC1B-24F2-4491-A22A-03FDB9D90CBA}.Debug|Any CPU.Build.0 = Debug|Any CPU
		{0FABBC1B-24F2-4491-A22A-03FDB9D90CBA}.Release|Any CPU.ActiveCfg = Release|Any CPU
		{0FABBC1B-24F2-4491-A22A-03FDB9D90CBA}.Release|Any CPU.Build.0 = Release|Any CPU
		{4E593463-5D0C-4337-BA67-1E10C78A9843}.Debug|Any CPU.ActiveCfg = Debug|Any CPU
		{4E593463-5D0C-4337-BA67-1E10C78A9843}.Debug|Any CPU.Build.0 = Debug|Any CPU
		{4E593463-5D0C-4337-BA67-1E10C78A9843}.Release|Any CPU.ActiveCfg = Release|Any CPU
		{4E593463-5D0C-4337-BA67-1E10C78A9843}.Release|Any CPU.Build.0 = Release|Any CPU
	EndGlobalSection
	GlobalSection(SolutionProperties) = preSolution
		HideSolutionNode = FALSE
	EndGlobalSection
	GlobalSection(ExtensibilityGlobals) = postSolution
		SolutionGuid = {524AA95B-8AC0-4D40-B734-C05B7D79250A}
	EndGlobalSection
EndGlobal
